// !$*UTF8*$!
{
	archiveVersion = 1;
	classes = {
	};
	objectVersion = 56;
	objects = {

/* Begin PBXBuildFile section */
		F16B3F032ADD7DC8008EDC52 /* ScrumdingerApp.swift in Sources */ = {isa = PBXBuildFile; fileRef = F16B3F022ADD7DC8008EDC52 /* ScrumdingerApp.swift */; };
		F16B3F052ADD7DC8008EDC52 /* MeetingView.swift in Sources */ = {isa = PBXBuildFile; fileRef = F16B3F042ADD7DC8008EDC52 /* MeetingView.swift */; };
		F16B3F072ADD7DCC008EDC52 /* Assets.xcassets in Resources */ = {isa = PBXBuildFile; fileRef = F16B3F062ADD7DCC008EDC52 /* Assets.xcassets */; };
		F16B3F0A2ADD7DCC008EDC52 /* Preview Assets.xcassets in Resources */ = {isa = PBXBuildFile; fileRef = F16B3F092ADD7DCC008EDC52 /* Preview Assets.xcassets */; };
		F16B3F142ADD7DCD008EDC52 /* ScrumdingerTests.swift in Sources */ = {isa = PBXBuildFile; fileRef = F16B3F132ADD7DCD008EDC52 /* ScrumdingerTests.swift */; };
		F16B3F1E2ADD7DCD008EDC52 /* ScrumdingerUITests.swift in Sources */ = {isa = PBXBuildFile; fileRef = F16B3F1D2ADD7DCD008EDC52 /* ScrumdingerUITests.swift */; };
		F16B3F202ADD7DCD008EDC52 /* ScrumdingerUITestsLaunchTests.swift in Sources */ = {isa = PBXBuildFile; fileRef = F16B3F1F2ADD7DCD008EDC52 /* ScrumdingerUITestsLaunchTests.swift */; };
		F16B3F2E2ADDA0C4008EDC52 /* Theme.swift in Sources */ = {isa = PBXBuildFile; fileRef = F16B3F2D2ADDA0C4008EDC52 /* Theme.swift */; };
		F16B3F302ADDA553008EDC52 /* DailyScrum.swift in Sources */ = {isa = PBXBuildFile; fileRef = F16B3F2F2ADDA553008EDC52 /* DailyScrum.swift */; };
		F16B3F322ADDB1A7008EDC52 /* CardView.swift in Sources */ = {isa = PBXBuildFile; fileRef = F16B3F312ADDB1A7008EDC52 /* CardView.swift */; };
		F16B3F342ADDCA1B008EDC52 /* TrailingIconLabelStyle.swift in Sources */ = {isa = PBXBuildFile; fileRef = F16B3F332ADDCA1B008EDC52 /* TrailingIconLabelStyle.swift */; };
		F16B3F362ADDD1D6008EDC52 /* ScrumsView.swift in Sources */ = {isa = PBXBuildFile; fileRef = F16B3F352ADDD1D6008EDC52 /* ScrumsView.swift */; };
		F16B3F382ADDDAA2008EDC52 /* DetailView.swift in Sources */ = {isa = PBXBuildFile; fileRef = F16B3F372ADDDAA2008EDC52 /* DetailView.swift */; };
		F16B3F3B2ADE05CF008EDC52 /* DetailEditView.swift in Sources */ = {isa = PBXBuildFile; fileRef = F16B3F3A2ADE05CF008EDC52 /* DetailEditView.swift */; };
		F16B3F3E2ADEB61A008EDC52 /* ThemeView.swift in Sources */ = {isa = PBXBuildFile; fileRef = F16B3F3D2ADEB61A008EDC52 /* ThemeView.swift */; };
		F16B3F402ADEBAE7008EDC52 /* ThemePicker.swift in Sources */ = {isa = PBXBuildFile; fileRef = F16B3F3F2ADEBAE7008EDC52 /* ThemePicker.swift */; };
		F16B3F422ADED022008EDC52 /* MeetingHeaderView.swift in Sources */ = {isa = PBXBuildFile; fileRef = F16B3F412ADED022008EDC52 /* MeetingHeaderView.swift */; };
		F16B3F442ADEE3C3008EDC52 /* ScrumProgressViewStyle.swift in Sources */ = {isa = PBXBuildFile; fileRef = F16B3F432ADEE3C3008EDC52 /* ScrumProgressViewStyle.swift */; };
		F16B3F462ADEE7EF008EDC52 /* ScrumTimer.swift in Sources */ = {isa = PBXBuildFile; fileRef = F16B3F452ADEE7EF008EDC52 /* ScrumTimer.swift */; };
		F16B3F482ADF0AE6008EDC52 /* MeetingFooterView.swift in Sources */ = {isa = PBXBuildFile; fileRef = F16B3F472ADF0AE6008EDC52 /* MeetingFooterView.swift */; };
		F16B3F4C2ADF2477008EDC52 /* AVPlayer+Ding.swift in Sources */ = {isa = PBXBuildFile; fileRef = F16B3F4B2ADF2477008EDC52 /* AVPlayer+Ding.swift */; };
		F16B3F4F2ADF25D1008EDC52 /* ding.wav in Resources */ = {isa = PBXBuildFile; fileRef = F16B3F4E2ADF25D1008EDC52 /* ding.wav */; };
		F16B3F512ADF60C1008EDC52 /* History.swift in Sources */ = {isa = PBXBuildFile; fileRef = F16B3F502ADF60C1008EDC52 /* History.swift */; };
		F16B3F542AE00073008EDC52 /* ScrumStore.swift in Sources */ = {isa = PBXBuildFile; fileRef = F16B3F532AE00073008EDC52 /* ScrumStore.swift */; };
/* End PBXBuildFile section */

/* Begin PBXContainerItemProxy section */
		F16B3F102ADD7DCD008EDC52 /* PBXContainerItemProxy */ = {
			isa = PBXContainerItemProxy;
			containerPortal = F16B3EF72ADD7DC8008EDC52 /* Project object */;
			proxyType = 1;
			remoteGlobalIDString = F16B3EFE2ADD7DC8008EDC52;
			remoteInfo = Scrumdinger;
		};
		F16B3F1A2ADD7DCD008EDC52 /* PBXContainerItemProxy */ = {
			isa = PBXContainerItemProxy;
			containerPortal = F16B3EF72ADD7DC8008EDC52 /* Project object */;
			proxyType = 1;
			remoteGlobalIDString = F16B3EFE2ADD7DC8008EDC52;
			remoteInfo = Scrumdinger;
		};
/* End PBXContainerItemProxy section */

/* Begin PBXFileReference section */
		F16B3EFF2ADD7DC8008EDC52 /* Scrumdinger.app */ = {isa = PBXFileReference; explicitFileType = wrapper.application; includeInIndex = 0; path = Scrumdinger.app; sourceTree = BUILT_PRODUCTS_DIR; };
		F16B3F022ADD7DC8008EDC52 /* ScrumdingerApp.swift */ = {isa = PBXFileReference; lastKnownFileType = sourcecode.swift; path = ScrumdingerApp.swift; sourceTree = "<group>"; };
		F16B3F042ADD7DC8008EDC52 /* MeetingView.swift */ = {isa = PBXFileReference; lastKnownFileType = sourcecode.swift; path = MeetingView.swift; sourceTree = "<group>"; };
		F16B3F062ADD7DCC008EDC52 /* Assets.xcassets */ = {isa = PBXFileReference; lastKnownFileType = folder.assetcatalog; path = Assets.xcassets; sourceTree = "<group>"; };
		F16B3F092ADD7DCC008EDC52 /* Preview Assets.xcassets */ = {isa = PBXFileReference; lastKnownFileType = folder.assetcatalog; path = "Preview Assets.xcassets"; sourceTree = "<group>"; };
		F16B3F0F2ADD7DCD008EDC52 /* ScrumdingerTests.xctest */ = {isa = PBXFileReference; explicitFileType = wrapper.cfbundle; includeInIndex = 0; path = ScrumdingerTests.xctest; sourceTree = BUILT_PRODUCTS_DIR; };
		F16B3F132ADD7DCD008EDC52 /* ScrumdingerTests.swift */ = {isa = PBXFileReference; lastKnownFileType = sourcecode.swift; path = ScrumdingerTests.swift; sourceTree = "<group>"; };
		F16B3F192ADD7DCD008EDC52 /* ScrumdingerUITests.xctest */ = {isa = PBXFileReference; explicitFileType = wrapper.cfbundle; includeInIndex = 0; path = ScrumdingerUITests.xctest; sourceTree = BUILT_PRODUCTS_DIR; };
		F16B3F1D2ADD7DCD008EDC52 /* ScrumdingerUITests.swift */ = {isa = PBXFileReference; lastKnownFileType = sourcecode.swift; path = ScrumdingerUITests.swift; sourceTree = "<group>"; };
		F16B3F1F2ADD7DCD008EDC52 /* ScrumdingerUITestsLaunchTests.swift */ = {isa = PBXFileReference; lastKnownFileType = sourcecode.swift; path = ScrumdingerUITestsLaunchTests.swift; sourceTree = "<group>"; };
		F16B3F2D2ADDA0C4008EDC52 /* Theme.swift */ = {isa = PBXFileReference; lastKnownFileType = sourcecode.swift; path = Theme.swift; sourceTree = "<group>"; };
		F16B3F2F2ADDA553008EDC52 /* DailyScrum.swift */ = {isa = PBXFileReference; lastKnownFileType = sourcecode.swift; path = DailyScrum.swift; sourceTree = "<group>"; };
		F16B3F312ADDB1A7008EDC52 /* CardView.swift */ = {isa = PBXFileReference; lastKnownFileType = sourcecode.swift; path = CardView.swift; sourceTree = "<group>"; };
		F16B3F332ADDCA1B008EDC52 /* TrailingIconLabelStyle.swift */ = {isa = PBXFileReference; lastKnownFileType = sourcecode.swift; path = TrailingIconLabelStyle.swift; sourceTree = "<group>"; };
		F16B3F352ADDD1D6008EDC52 /* ScrumsView.swift */ = {isa = PBXFileReference; lastKnownFileType = sourcecode.swift; path = ScrumsView.swift; sourceTree = "<group>"; };
		F16B3F372ADDDAA2008EDC52 /* DetailView.swift */ = {isa = PBXFileReference; lastKnownFileType = sourcecode.swift; path = DetailView.swift; sourceTree = "<group>"; };
		F16B3F3A2ADE05CF008EDC52 /* DetailEditView.swift */ = {isa = PBXFileReference; lastKnownFileType = sourcecode.swift; path = DetailEditView.swift; sourceTree = "<group>"; };
		F16B3F3D2ADEB61A008EDC52 /* ThemeView.swift */ = {isa = PBXFileReference; lastKnownFileType = sourcecode.swift; path = ThemeView.swift; sourceTree = "<group>"; };
		F16B3F3F2ADEBAE7008EDC52 /* ThemePicker.swift */ = {isa = PBXFileReference; lastKnownFileType = sourcecode.swift; path = ThemePicker.swift; sourceTree = "<group>"; };
		F16B3F412ADED022008EDC52 /* MeetingHeaderView.swift */ = {isa = PBXFileReference; lastKnownFileType = sourcecode.swift; path = MeetingHeaderView.swift; sourceTree = "<group>"; };
		F16B3F432ADEE3C3008EDC52 /* ScrumProgressViewStyle.swift */ = {isa = PBXFileReference; lastKnownFileType = sourcecode.swift; path = ScrumProgressViewStyle.swift; sourceTree = "<group>"; };
		F16B3F452ADEE7EF008EDC52 /* ScrumTimer.swift */ = {isa = PBXFileReference; lastKnownFileType = sourcecode.swift; path = ScrumTimer.swift; sourceTree = "<group>"; };
		F16B3F472ADF0AE6008EDC52 /* MeetingFooterView.swift */ = {isa = PBXFileReference; lastKnownFileType = sourcecode.swift; path = MeetingFooterView.swift; sourceTree = "<group>"; };
		F16B3F4B2ADF2477008EDC52 /* AVPlayer+Ding.swift */ = {isa = PBXFileReference; lastKnownFileType = sourcecode.swift; path = "AVPlayer+Ding.swift"; sourceTree = "<group>"; };
		F16B3F4E2ADF25D1008EDC52 /* ding.wav */ = {isa = PBXFileReference; lastKnownFileType = audio.wav; path = ding.wav; sourceTree = "<group>"; };
		F16B3F502ADF60C1008EDC52 /* History.swift */ = {isa = PBXFileReference; lastKnownFileType = sourcecode.swift; path = History.swift; sourceTree = "<group>"; };
		F16B3F532AE00073008EDC52 /* ScrumStore.swift */ = {isa = PBXFileReference; lastKnownFileType = sourcecode.swift; path = ScrumStore.swift; sourceTree = "<group>"; };
/* End PBXFileReference section */

/* Begin PBXFrameworksBuildPhase section */
		F16B3EFC2ADD7DC8008EDC52 /* Frameworks */ = {
			isa = PBXFrameworksBuildPhase;
			buildActionMask = 2147483647;
			files = (
			);
			runOnlyForDeploymentPostprocessing = 0;
		};
		F16B3F0C2ADD7DCD008EDC52 /* Frameworks */ = {
			isa = PBXFrameworksBuildPhase;
			buildActionMask = 2147483647;
			files = (
			);
			runOnlyForDeploymentPostprocessing = 0;
		};
		F16B3F162ADD7DCD008EDC52 /* Frameworks */ = {
			isa = PBXFrameworksBuildPhase;
			buildActionMask = 2147483647;
			files = (
			);
			runOnlyForDeploymentPostprocessing = 0;
		};
/* End PBXFrameworksBuildPhase section */

/* Begin PBXGroup section */
		F16B3EF62ADD7DC8008EDC52 = {
			isa = PBXGroup;
			children = (
				F16B3F012ADD7DC8008EDC52 /* Scrumdinger */,
				F16B3F122ADD7DCD008EDC52 /* ScrumdingerTests */,
				F16B3F1C2ADD7DCD008EDC52 /* ScrumdingerUITests */,
				F16B3F002ADD7DC8008EDC52 /* Products */,
			);
			sourceTree = "<group>";
		};
		F16B3F002ADD7DC8008EDC52 /* Products */ = {
			isa = PBXGroup;
			children = (
				F16B3EFF2ADD7DC8008EDC52 /* Scrumdinger.app */,
				F16B3F0F2ADD7DCD008EDC52 /* ScrumdingerTests.xctest */,
				F16B3F192ADD7DCD008EDC52 /* ScrumdingerUITests.xctest */,
			);
			name = Products;
			sourceTree = "<group>";
		};
		F16B3F012ADD7DC8008EDC52 /* Scrumdinger */ = {
			isa = PBXGroup;
			children = (
				F16B3F4D2ADF25D1008EDC52 /* Resources */,
				F16B3F392ADE0405008EDC52 /* Views */,
				F16B3F2C2ADD9E27008EDC52 /* Models */,
				F16B3F022ADD7DC8008EDC52 /* ScrumdingerApp.swift */,
				F16B3F062ADD7DCC008EDC52 /* Assets.xcassets */,
				F16B3F082ADD7DCC008EDC52 /* Preview Content */,
				F16B3F332ADDCA1B008EDC52 /* TrailingIconLabelStyle.swift */,
			);
			path = Scrumdinger;
			sourceTree = "<group>";
		};
		F16B3F082ADD7DCC008EDC52 /* Preview Content */ = {
			isa = PBXGroup;
			children = (
				F16B3F092ADD7DCC008EDC52 /* Preview Assets.xcassets */,
			);
			path = "Preview Content";
			sourceTree = "<group>";
		};
		F16B3F122ADD7DCD008EDC52 /* ScrumdingerTests */ = {
			isa = PBXGroup;
			children = (
				F16B3F132ADD7DCD008EDC52 /* ScrumdingerTests.swift */,
			);
			path = ScrumdingerTests;
			sourceTree = "<group>";
		};
		F16B3F1C2ADD7DCD008EDC52 /* ScrumdingerUITests */ = {
			isa = PBXGroup;
			children = (
				F16B3F1D2ADD7DCD008EDC52 /* ScrumdingerUITests.swift */,
				F16B3F1F2ADD7DCD008EDC52 /* ScrumdingerUITestsLaunchTests.swift */,
			);
			path = ScrumdingerUITests;
			sourceTree = "<group>";
		};
		F16B3F2C2ADD9E27008EDC52 /* Models */ = {
			isa = PBXGroup;
			children = (
				F16B3F522ADFF53B008EDC52 /* Stores */,
				F16B3F4B2ADF2477008EDC52 /* AVPlayer+Ding.swift */,
				F16B3F2D2ADDA0C4008EDC52 /* Theme.swift */,
				F16B3F2F2ADDA553008EDC52 /* DailyScrum.swift */,
				F16B3F452ADEE7EF008EDC52 /* ScrumTimer.swift */,
				F16B3F502ADF60C1008EDC52 /* History.swift */,
			);
			path = Models;
			sourceTree = "<group>";
		};
		F16B3F392ADE0405008EDC52 /* Views */ = {
			isa = PBXGroup;
			children = (
				F16B3F3C2ADEB024008EDC52 /* Components */,
				F16B3F042ADD7DC8008EDC52 /* MeetingView.swift */,
				F16B3F352ADDD1D6008EDC52 /* ScrumsView.swift */,
				F16B3F372ADDDAA2008EDC52 /* DetailView.swift */,
				F16B3F3A2ADE05CF008EDC52 /* DetailEditView.swift */,
			);
			path = Views;
			sourceTree = "<group>";
		};
		F16B3F3C2ADEB024008EDC52 /* Components */ = {
			isa = PBXGroup;
			children = (
				F16B3F312ADDB1A7008EDC52 /* CardView.swift */,
				F16B3F3D2ADEB61A008EDC52 /* ThemeView.swift */,
				F16B3F3F2ADEBAE7008EDC52 /* ThemePicker.swift */,
				F16B3F412ADED022008EDC52 /* MeetingHeaderView.swift */,
				F16B3F432ADEE3C3008EDC52 /* ScrumProgressViewStyle.swift */,
				F16B3F472ADF0AE6008EDC52 /* MeetingFooterView.swift */,
			);
			path = Components;
			sourceTree = "<group>";
		};
		F16B3F4D2ADF25D1008EDC52 /* Resources */ = {
			isa = PBXGroup;
			children = (
				F16B3F4E2ADF25D1008EDC52 /* ding.wav */,
			);
			path = Resources;
			sourceTree = "<group>";
		};
		F16B3F522ADFF53B008EDC52 /* Stores */ = {
			isa = PBXGroup;
			children = (
				F16B3F532AE00073008EDC52 /* ScrumStore.swift */,
			);
			path = Stores;
			sourceTree = "<group>";
		};
/* End PBXGroup section */

/* Begin PBXNativeTarget section */
		F16B3EFE2ADD7DC8008EDC52 /* Scrumdinger */ = {
			isa = PBXNativeTarget;
			buildConfigurationList = F16B3F232ADD7DCD008EDC52 /* Build configuration list for PBXNativeTarget "Scrumdinger" */;
			buildPhases = (
				F16B3EFB2ADD7DC8008EDC52 /* Sources */,
				F16B3EFC2ADD7DC8008EDC52 /* Frameworks */,
				F16B3EFD2ADD7DC8008EDC52 /* Resources */,
			);
			buildRules = (
			);
			dependencies = (
			);
			name = Scrumdinger;
			productName = Scrumdinger;
			productReference = F16B3EFF2ADD7DC8008EDC52 /* Scrumdinger.app */;
			productType = "com.apple.product-type.application";
		};
		F16B3F0E2ADD7DCD008EDC52 /* ScrumdingerTests */ = {
			isa = PBXNativeTarget;
			buildConfigurationList = F16B3F262ADD7DCD008EDC52 /* Build configuration list for PBXNativeTarget "ScrumdingerTests" */;
			buildPhases = (
				F16B3F0B2ADD7DCD008EDC52 /* Sources */,
				F16B3F0C2ADD7DCD008EDC52 /* Frameworks */,
				F16B3F0D2ADD7DCD008EDC52 /* Resources */,
			);
			buildRules = (
			);
			dependencies = (
				F16B3F112ADD7DCD008EDC52 /* PBXTargetDependency */,
			);
			name = ScrumdingerTests;
			productName = ScrumdingerTests;
			productReference = F16B3F0F2ADD7DCD008EDC52 /* ScrumdingerTests.xctest */;
			productType = "com.apple.product-type.bundle.unit-test";
		};
		F16B3F182ADD7DCD008EDC52 /* ScrumdingerUITests */ = {
			isa = PBXNativeTarget;
			buildConfigurationList = F16B3F292ADD7DCD008EDC52 /* Build configuration list for PBXNativeTarget "ScrumdingerUITests" */;
			buildPhases = (
				F16B3F152ADD7DCD008EDC52 /* Sources */,
				F16B3F162ADD7DCD008EDC52 /* Frameworks */,
				F16B3F172ADD7DCD008EDC52 /* Resources */,
			);
			buildRules = (
			);
			dependencies = (
				F16B3F1B2ADD7DCD008EDC52 /* PBXTargetDependency */,
			);
			name = ScrumdingerUITests;
			productName = ScrumdingerUITests;
			productReference = F16B3F192ADD7DCD008EDC52 /* ScrumdingerUITests.xctest */;
			productType = "com.apple.product-type.bundle.ui-testing";
		};
/* End PBXNativeTarget section */

/* Begin PBXProject section */
		F16B3EF72ADD7DC8008EDC52 /* Project object */ = {
			isa = PBXProject;
			attributes = {
				BuildIndependentTargetsInParallel = 1;
				LastSwiftUpdateCheck = 1500;
				LastUpgradeCheck = 1500;
				TargetAttributes = {
					F16B3EFE2ADD7DC8008EDC52 = {
						CreatedOnToolsVersion = 15.0;
					};
					F16B3F0E2ADD7DCD008EDC52 = {
						CreatedOnToolsVersion = 15.0;
						TestTargetID = F16B3EFE2ADD7DC8008EDC52;
					};
					F16B3F182ADD7DCD008EDC52 = {
						CreatedOnToolsVersion = 15.0;
						TestTargetID = F16B3EFE2ADD7DC8008EDC52;
					};
				};
			};
			buildConfigurationList = F16B3EFA2ADD7DC8008EDC52 /* Build configuration list for PBXProject "Scrumdinger" */;
			compatibilityVersion = "Xcode 14.0";
			developmentRegion = en;
			hasScannedForEncodings = 0;
			knownRegions = (
				en,
				Base,
			);
			mainGroup = F16B3EF62ADD7DC8008EDC52;
			productRefGroup = F16B3F002ADD7DC8008EDC52 /* Products */;
			projectDirPath = "";
			projectRoot = "";
			targets = (
				F16B3EFE2ADD7DC8008EDC52 /* Scrumdinger */,
				F16B3F0E2ADD7DCD008EDC52 /* ScrumdingerTests */,
				F16B3F182ADD7DCD008EDC52 /* ScrumdingerUITests */,
			);
		};
/* End PBXProject section */

/* Begin PBXResourcesBuildPhase section */
		F16B3EFD2ADD7DC8008EDC52 /* Resources */ = {
			isa = PBXResourcesBuildPhase;
			buildActionMask = 2147483647;
			files = (
				F16B3F4F2ADF25D1008EDC52 /* ding.wav in Resources */,
				F16B3F0A2ADD7DCC008EDC52 /* Preview Assets.xcassets in Resources */,
				F16B3F072ADD7DCC008EDC52 /* Assets.xcassets in Resources */,
			);
			runOnlyForDeploymentPostprocessing = 0;
		};
		F16B3F0D2ADD7DCD008EDC52 /* Resources */ = {
			isa = PBXResourcesBuildPhase;
			buildActionMask = 2147483647;
			files = (
			);
			runOnlyForDeploymentPostprocessing = 0;
		};
		F16B3F172ADD7DCD008EDC52 /* Resources */ = {
			isa = PBXResourcesBuildPhase;
			buildActionMask = 2147483647;
			files = (
			);
			runOnlyForDeploymentPostprocessing = 0;
		};
/* End PBXResourcesBuildPhase section */

/* Begin PBXSourcesBuildPhase section */
		F16B3EFB2ADD7DC8008EDC52 /* Sources */ = {
			isa = PBXSourcesBuildPhase;
			buildActionMask = 2147483647;
			files = (
				F16B3F512ADF60C1008EDC52 /* History.swift in Sources */,
				F16B3F482ADF0AE6008EDC52 /* MeetingFooterView.swift in Sources */,
				F16B3F402ADEBAE7008EDC52 /* ThemePicker.swift in Sources */,
				F16B3F442ADEE3C3008EDC52 /* ScrumProgressViewStyle.swift in Sources */,
				F16B3F542AE00073008EDC52 /* ScrumStore.swift in Sources */,
				F16B3F462ADEE7EF008EDC52 /* ScrumTimer.swift in Sources */,
				F16B3F362ADDD1D6008EDC52 /* ScrumsView.swift in Sources */,
				F16B3F382ADDDAA2008EDC52 /* DetailView.swift in Sources */,
				F16B3F422ADED022008EDC52 /* MeetingHeaderView.swift in Sources */,
				F16B3F3B2ADE05CF008EDC52 /* DetailEditView.swift in Sources */,
				F16B3F302ADDA553008EDC52 /* DailyScrum.swift in Sources */,
				F16B3F342ADDCA1B008EDC52 /* TrailingIconLabelStyle.swift in Sources */,
				F16B3F2E2ADDA0C4008EDC52 /* Theme.swift in Sources */,
				F16B3F052ADD7DC8008EDC52 /* MeetingView.swift in Sources */,
				F16B3F032ADD7DC8008EDC52 /* ScrumdingerApp.swift in Sources */,
				F16B3F3E2ADEB61A008EDC52 /* ThemeView.swift in Sources */,
				F16B3F322ADDB1A7008EDC52 /* CardView.swift in Sources */,
				F16B3F4C2ADF2477008EDC52 /* AVPlayer+Ding.swift in Sources */,
			);
			runOnlyForDeploymentPostprocessing = 0;
		};
		F16B3F0B2ADD7DCD008EDC52 /* Sources */ = {
			isa = PBXSourcesBuildPhase;
			buildActionMask = 2147483647;
			files = (
				F16B3F142ADD7DCD008EDC52 /* ScrumdingerTests.swift in Sources */,
			);
			runOnlyForDeploymentPostprocessing = 0;
		};
		F16B3F152ADD7DCD008EDC52 /* Sources */ = {
			isa = PBXSourcesBuildPhase;
			buildActionMask = 2147483647;
			files = (
				F16B3F202ADD7DCD008EDC52 /* ScrumdingerUITestsLaunchTests.swift in Sources */,
				F16B3F1E2ADD7DCD008EDC52 /* ScrumdingerUITests.swift in Sources */,
			);
			runOnlyForDeploymentPostprocessing = 0;
		};
/* End PBXSourcesBuildPhase section */

/* Begin PBXTargetDependency section */
		F16B3F112ADD7DCD008EDC52 /* PBXTargetDependency */ = {
			isa = PBXTargetDependency;
			target = F16B3EFE2ADD7DC8008EDC52 /* Scrumdinger */;
			targetProxy = F16B3F102ADD7DCD008EDC52 /* PBXContainerItemProxy */;
		};
		F16B3F1B2ADD7DCD008EDC52 /* PBXTargetDependency */ = {
			isa = PBXTargetDependency;
			target = F16B3EFE2ADD7DC8008EDC52 /* Scrumdinger */;
			targetProxy = F16B3F1A2ADD7DCD008EDC52 /* PBXContainerItemProxy */;
		};
/* End PBXTargetDependency section */

/* Begin XCBuildConfiguration section */
		F16B3F212ADD7DCD008EDC52 /* Debug */ = {
			isa = XCBuildConfiguration;
			buildSettings = {
				ALWAYS_SEARCH_USER_PATHS = NO;
				ASSETCATALOG_COMPILER_GENERATE_SWIFT_ASSET_SYMBOL_EXTENSIONS = YES;
				CLANG_ANALYZER_NONNULL = YES;
				CLANG_ANALYZER_NUMBER_OBJECT_CONVERSION = YES_AGGRESSIVE;
				CLANG_CXX_LANGUAGE_STANDARD = "gnu++20";
				CLANG_ENABLE_MODULES = YES;
				CLANG_ENABLE_OBJC_ARC = YES;
				CLANG_ENABLE_OBJC_WEAK = YES;
				CLANG_WARN_BLOCK_CAPTURE_AUTORELEASING = YES;
				CLANG_WARN_BOOL_CONVERSION = YES;
				CLANG_WARN_COMMA = YES;
				CLANG_WARN_CONSTANT_CONVERSION = YES;
				CLANG_WARN_DEPRECATED_OBJC_IMPLEMENTATIONS = YES;
				CLANG_WARN_DIRECT_OBJC_ISA_USAGE = YES_ERROR;
				CLANG_WARN_DOCUMENTATION_COMMENTS = YES;
				CLANG_WARN_EMPTY_BODY = YES;
				CLANG_WARN_ENUM_CONVERSION = YES;
				CLANG_WARN_INFINITE_RECURSION = YES;
				CLANG_WARN_INT_CONVERSION = YES;
				CLANG_WARN_NON_LITERAL_NULL_CONVERSION = YES;
				CLANG_WARN_OBJC_IMPLICIT_RETAIN_SELF = YES;
				CLANG_WARN_OBJC_LITERAL_CONVERSION = YES;
				CLANG_WARN_OBJC_ROOT_CLASS = YES_ERROR;
				CLANG_WARN_QUOTED_INCLUDE_IN_FRAMEWORK_HEADER = YES;
				CLANG_WARN_RANGE_LOOP_ANALYSIS = YES;
				CLANG_WARN_STRICT_PROTOTYPES = YES;
				CLANG_WARN_SUSPICIOUS_MOVE = YES;
				CLANG_WARN_UNGUARDED_AVAILABILITY = YES_AGGRESSIVE;
				CLANG_WARN_UNREACHABLE_CODE = YES;
				CLANG_WARN__DUPLICATE_METHOD_MATCH = YES;
				COPY_PHASE_STRIP = NO;
				DEBUG_INFORMATION_FORMAT = dwarf;
				ENABLE_STRICT_OBJC_MSGSEND = YES;
				ENABLE_TESTABILITY = YES;
				ENABLE_USER_SCRIPT_SANDBOXING = YES;
				GCC_C_LANGUAGE_STANDARD = gnu17;
				GCC_DYNAMIC_NO_PIC = NO;
				GCC_NO_COMMON_BLOCKS = YES;
				GCC_OPTIMIZATION_LEVEL = 0;
				GCC_PREPROCESSOR_DEFINITIONS = (
					"DEBUG=1",
					"$(inherited)",
				);
				GCC_WARN_64_TO_32_BIT_CONVERSION = YES;
				GCC_WARN_ABOUT_RETURN_TYPE = YES_ERROR;
				GCC_WARN_UNDECLARED_SELECTOR = YES;
				GCC_WARN_UNINITIALIZED_AUTOS = YES_AGGRESSIVE;
				GCC_WARN_UNUSED_FUNCTION = YES;
				GCC_WARN_UNUSED_VARIABLE = YES;
				IPHONEOS_DEPLOYMENT_TARGET = 17.0;
				LOCALIZATION_PREFERS_STRING_CATALOGS = YES;
				MTL_ENABLE_DEBUG_INFO = INCLUDE_SOURCE;
				MTL_FAST_MATH = YES;
				ONLY_ACTIVE_ARCH = YES;
				SDKROOT = iphoneos;
				SWIFT_ACTIVE_COMPILATION_CONDITIONS = "DEBUG $(inherited)";
				SWIFT_OPTIMIZATION_LEVEL = "-Onone";
			};
			name = Debug;
		};
		F16B3F222ADD7DCD008EDC52 /* Release */ = {
			isa = XCBuildConfiguration;
			buildSettings = {
				ALWAYS_SEARCH_USER_PATHS = NO;
				ASSETCATALOG_COMPILER_GENERATE_SWIFT_ASSET_SYMBOL_EXTENSIONS = YES;
				CLANG_ANALYZER_NONNULL = YES;
				CLANG_ANALYZER_NUMBER_OBJECT_CONVERSION = YES_AGGRESSIVE;
				CLANG_CXX_LANGUAGE_STANDARD = "gnu++20";
				CLANG_ENABLE_MODULES = YES;
				CLANG_ENABLE_OBJC_ARC = YES;
				CLANG_ENABLE_OBJC_WEAK = YES;
				CLANG_WARN_BLOCK_CAPTURE_AUTORELEASING = YES;
				CLANG_WARN_BOOL_CONVERSION = YES;
				CLANG_WARN_COMMA = YES;
				CLANG_WARN_CONSTANT_CONVERSION = YES;
				CLANG_WARN_DEPRECATED_OBJC_IMPLEMENTATIONS = YES;
				CLANG_WARN_DIRECT_OBJC_ISA_USAGE = YES_ERROR;
				CLANG_WARN_DOCUMENTATION_COMMENTS = YES;
				CLANG_WARN_EMPTY_BODY = YES;
				CLANG_WARN_ENUM_CONVERSION = YES;
				CLANG_WARN_INFINITE_RECURSION = YES;
				CLANG_WARN_INT_CONVERSION = YES;
				CLANG_WARN_NON_LITERAL_NULL_CONVERSION = YES;
				CLANG_WARN_OBJC_IMPLICIT_RETAIN_SELF = YES;
				CLANG_WARN_OBJC_LITERAL_CONVERSION = YES;
				CLANG_WARN_OBJC_ROOT_CLASS = YES_ERROR;
				CLANG_WARN_QUOTED_INCLUDE_IN_FRAMEWORK_HEADER = YES;
				CLANG_WARN_RANGE_LOOP_ANALYSIS = YES;
				CLANG_WARN_STRICT_PROTOTYPES = YES;
				CLANG_WARN_SUSPICIOUS_MOVE = YES;
				CLANG_WARN_UNGUARDED_AVAILABILITY = YES_AGGRESSIVE;
				CLANG_WARN_UNREACHABLE_CODE = YES;
				CLANG_WARN__DUPLICATE_METHOD_MATCH = YES;
				COPY_PHASE_STRIP = NO;
				DEBUG_INFORMATION_FORMAT = "dwarf-with-dsym";
				ENABLE_NS_ASSERTIONS = NO;
				ENABLE_STRICT_OBJC_MSGSEND = YES;
				ENABLE_USER_SCRIPT_SANDBOXING = YES;
				GCC_C_LANGUAGE_STANDARD = gnu17;
				GCC_NO_COMMON_BLOCKS = YES;
				GCC_WARN_64_TO_32_BIT_CONVERSION = YES;
				GCC_WARN_ABOUT_RETURN_TYPE = YES_ERROR;
				GCC_WARN_UNDECLARED_SELECTOR = YES;
				GCC_WARN_UNINITIALIZED_AUTOS = YES_AGGRESSIVE;
				GCC_WARN_UNUSED_FUNCTION = YES;
				GCC_WARN_UNUSED_VARIABLE = YES;
				IPHONEOS_DEPLOYMENT_TARGET = 17.0;
				LOCALIZATION_PREFERS_STRING_CATALOGS = YES;
				MTL_ENABLE_DEBUG_INFO = NO;
				MTL_FAST_MATH = YES;
				SDKROOT = iphoneos;
				SWIFT_COMPILATION_MODE = wholemodule;
				VALIDATE_PRODUCT = YES;
			};
			name = Release;
		};
		F16B3F242ADD7DCD008EDC52 /* Debug */ = {
			isa = XCBuildConfiguration;
			buildSettings = {
				ASSETCATALOG_COMPILER_APPICON_NAME = AppIcon;
				ASSETCATALOG_COMPILER_GLOBAL_ACCENT_COLOR_NAME = AccentColor;
				CODE_SIGN_STYLE = Automatic;
				CURRENT_PROJECT_VERSION = 1;
				DEVELOPMENT_ASSET_PATHS = "\"Scrumdinger/Preview Content\"";
				DEVELOPMENT_TEAM = QZ3SCBDQC8;
				ENABLE_PREVIEWS = YES;
				GENERATE_INFOPLIST_FILE = YES;
				INFOPLIST_KEY_UIApplicationSceneManifest_Generation = YES;
				INFOPLIST_KEY_UIApplicationSupportsIndirectInputEvents = YES;
				INFOPLIST_KEY_UILaunchScreen_Generation = YES;
				INFOPLIST_KEY_UISupportedInterfaceOrientations_iPad = "UIInterfaceOrientationPortrait UIInterfaceOrientationPortraitUpsideDown UIInterfaceOrientationLandscapeLeft UIInterfaceOrientationLandscapeRight";
				INFOPLIST_KEY_UISupportedInterfaceOrientations_iPhone = "UIInterfaceOrientationPortrait UIInterfaceOrientationLandscapeLeft UIInterfaceOrientationLandscapeRight";
				LD_RUNPATH_SEARCH_PATHS = (
					"$(inherited)",
					"@executable_path/Frameworks",
				);
				MARKETING_VERSION = 1.0;
				PRODUCT_BUNDLE_IDENTIFIER = teste.Scrumdinger;
				PRODUCT_NAME = "$(TARGET_NAME)";
				SWIFT_EMIT_LOC_STRINGS = YES;
				SWIFT_VERSION = 5.0;
				TARGETED_DEVICE_FAMILY = "1,2";
			};
			name = Debug;
		};
		F16B3F252ADD7DCD008EDC52 /* Release */ = {
			isa = XCBuildConfiguration;
			buildSettings = {
				ASSETCATALOG_COMPILER_APPICON_NAME = AppIcon;
				ASSETCATALOG_COMPILER_GLOBAL_ACCENT_COLOR_NAME = AccentColor;
				CODE_SIGN_STYLE = Automatic;
				CURRENT_PROJECT_VERSION = 1;
				DEVELOPMENT_ASSET_PATHS = "\"Scrumdinger/Preview Content\"";
				DEVELOPMENT_TEAM = QZ3SCBDQC8;
				ENABLE_PREVIEWS = YES;
				GENERATE_INFOPLIST_FILE = YES;
				INFOPLIST_KEY_UIApplicationSceneManifest_Generation = YES;
				INFOPLIST_KEY_UIApplicationSupportsIndirectInputEvents = YES;
				INFOPLIST_KEY_UILaunchScreen_Generation = YES;
				INFOPLIST_KEY_UISupportedInterfaceOrientations_iPad = "UIInterfaceOrientationPortrait UIInterfaceOrientationPortraitUpsideDown UIInterfaceOrientationLandscapeLeft UIInterfaceOrientationLandscapeRight";
				INFOPLIST_KEY_UISupportedInterfaceOrientations_iPhone = "UIInterfaceOrientationPortrait UIInterfaceOrientationLandscapeLeft UIInterfaceOrientationLandscapeRight";
				LD_RUNPATH_SEARCH_PATHS = (
					"$(inherited)",
					"@executable_path/Frameworks",
				);
				MARKETING_VERSION = 1.0;
				PRODUCT_BUNDLE_IDENTIFIER = teste.Scrumdinger;
				PRODUCT_NAME = "$(TARGET_NAME)";
				SWIFT_EMIT_LOC_STRINGS = YES;
				SWIFT_VERSION = 5.0;
				TARGETED_DEVICE_FAMILY = "1,2";
			};
			name = Release;
		};
		F16B3F272ADD7DCD008EDC52 /* Debug */ = {
			isa = XCBuildConfiguration;
			buildSettings = {
				ALWAYS_EMBED_SWIFT_STANDARD_LIBRARIES = YES;
				BUNDLE_LOADER = "$(TEST_HOST)";
				CODE_SIGN_STYLE = Automatic;
				CURRENT_PROJECT_VERSION = 1;
				DEVELOPMENT_TEAM = QZ3SCBDQC8;
				GENERATE_INFOPLIST_FILE = YES;
				IPHONEOS_DEPLOYMENT_TARGET = 17.0;
				MARKETING_VERSION = 1.0;
				PRODUCT_BUNDLE_IDENTIFIER = teste.ScrumdingerTests;
				PRODUCT_NAME = "$(TARGET_NAME)";
				SWIFT_EMIT_LOC_STRINGS = NO;
				SWIFT_VERSION = 5.0;
				TARGETED_DEVICE_FAMILY = "1,2";
				TEST_HOST = "$(BUILT_PRODUCTS_DIR)/Scrumdinger.app/$(BUNDLE_EXECUTABLE_FOLDER_PATH)/Scrumdinger";
			};
			name = Debug;
		};
		F16B3F282ADD7DCD008EDC52 /* Release */ = {
			isa = XCBuildConfiguration;
			buildSettings = {
				ALWAYS_EMBED_SWIFT_STANDARD_LIBRARIES = YES;
				BUNDLE_LOADER = "$(TEST_HOST)";
				CODE_SIGN_STYLE = Automatic;
				CURRENT_PROJECT_VERSION = 1;
				DEVELOPMENT_TEAM = QZ3SCBDQC8;
				GENERATE_INFOPLIST_FILE = YES;
				IPHONEOS_DEPLOYMENT_TARGET = 17.0;
				MARKETING_VERSION = 1.0;
				PRODUCT_BUNDLE_IDENTIFIER = teste.ScrumdingerTests;
				PRODUCT_NAME = "$(TARGET_NAME)";
				SWIFT_EMIT_LOC_STRINGS = NO;
				SWIFT_VERSION = 5.0;
				TARGETED_DEVICE_FAMILY = "1,2";
				TEST_HOST = "$(BUILT_PRODUCTS_DIR)/Scrumdinger.app/$(BUNDLE_EXECUTABLE_FOLDER_PATH)/Scrumdinger";
			};
			name = Release;
		};
		F16B3F2A2ADD7DCD008EDC52 /* Debug */ = {
			isa = XCBuildConfiguration;
			buildSettings = {
				ALWAYS_EMBED_SWIFT_STANDARD_LIBRARIES = YES;
				CODE_SIGN_STYLE = Automatic;
				CURRENT_PROJECT_VERSION = 1;
				DEVELOPMENT_TEAM = QZ3SCBDQC8;
				GENERATE_INFOPLIST_FILE = YES;
				MARKETING_VERSION = 1.0;
				PRODUCT_BUNDLE_IDENTIFIER = teste.ScrumdingerUITests;
				PRODUCT_NAME = "$(TARGET_NAME)";
				SWIFT_EMIT_LOC_STRINGS = NO;
				SWIFT_VERSION = 5.0;
				TARGETED_DEVICE_FAMILY = "1,2";
				TEST_TARGET_NAME = Scrumdinger;
			};
			name = Debug;
		};
		F16B3F2B2ADD7DCD008EDC52 /* Release */ = {
			isa = XCBuildConfiguration;
			buildSettings = {
				ALWAYS_EMBED_SWIFT_STANDARD_LIBRARIES = YES;
				CODE_SIGN_STYLE = Automatic;
				CURRENT_PROJECT_VERSION = 1;
				DEVELOPMENT_TEAM = QZ3SCBDQC8;
				GENERATE_INFOPLIST_FILE = YES;
				MARKETING_VERSION = 1.0;
				PRODUCT_BUNDLE_IDENTIFIER = teste.ScrumdingerUITests;
				PRODUCT_NAME = "$(TARGET_NAME)";
				SWIFT_EMIT_LOC_STRINGS = NO;
				SWIFT_VERSION = 5.0;
				TARGETED_DEVICE_FAMILY = "1,2";
				TEST_TARGET_NAME = Scrumdinger;
			};
			name = Release;
		};
/* End XCBuildConfiguration section */

/* Begin XCConfigurationList section */
		F16B3EFA2ADD7DC8008EDC52 /* Build configuration list for PBXProject "Scrumdinger" */ = {
			isa = XCConfigurationList;
			buildConfigurations = (
				F16B3F212ADD7DCD008EDC52 /* Debug */,
				F16B3F222ADD7DCD008EDC52 /* Release */,
			);
			defaultConfigurationIsVisible = 0;
			defaultConfigurationName = Release;
		};
		F16B3F232ADD7DCD008EDC52 /* Build configuration list for PBXNativeTarget "Scrumdinger" */ = {
			isa = XCConfigurationList;
			buildConfigurations = (
				F16B3F242ADD7DCD008EDC52 /* Debug */,
				F16B3F252ADD7DCD008EDC52 /* Release */,
			);
			defaultConfigurationIsVisible = 0;
			defaultConfigurationName = Release;
		};
		F16B3F262ADD7DCD008EDC52 /* Build configuration list for PBXNativeTarget "ScrumdingerTests" */ = {
			isa = XCConfigurationList;
			buildConfigurations = (
				F16B3F272ADD7DCD008EDC52 /* Debug */,
				F16B3F282ADD7DCD008EDC52 /* Release */,
			);
			defaultConfigurationIsVisible = 0;
			defaultConfigurationName = Release;
		};
		F16B3F292ADD7DCD008EDC52 /* Build configuration list for PBXNativeTarget "ScrumdingerUITests" */ = {
			isa = XCConfigurationList;
			buildConfigurations = (
				F16B3F2A2ADD7DCD008EDC52 /* Debug */,
				F16B3F2B2ADD7DCD008EDC52 /* Release */,
			);
			defaultConfigurationIsVisible = 0;
			defaultConfigurationName = Release;
		};
/* End XCConfigurationList section */
	};
	rootObject = F16B3EF72ADD7DC8008EDC52 /* Project object */;
}
